// !$*UTF8*$!
{
	archiveVersion = 1;
	classes = {
	};
	objectVersion = 56;
	objects = {

/* Begin PBXBuildFile section */
		0412EB9329A10B0A00946EA5 /* RootController.swift in Sources */ = {isa = PBXBuildFile; fileRef = 0412EB9129A10B0A00946EA5 /* RootController.swift */; };
		0412EB9429A10B0A00946EA5 /* RootController.xib in Resources */ = {isa = PBXBuildFile; fileRef = 0412EB9229A10B0A00946EA5 /* RootController.xib */; };
		0412EB9629A117D000946EA5 /* RootViewModel.swift in Sources */ = {isa = PBXBuildFile; fileRef = 0412EB9529A117D000946EA5 /* RootViewModel.swift */; };
		0412EB9D29A1206F00946EA5 /* UIBarButtonItem+Extension.swift in Sources */ = {isa = PBXBuildFile; fileRef = 0412EB9C29A1206F00946EA5 /* UIBarButtonItem+Extension.swift */; };
		0412EB9F29A1235B00946EA5 /* UIColorExtension.swift in Sources */ = {isa = PBXBuildFile; fileRef = 0412EB9E29A1235B00946EA5 /* UIColorExtension.swift */; };
		0412EBA129A130B100946EA5 /* UIViewControllerExtension.swift in Sources */ = {isa = PBXBuildFile; fileRef = 0412EBA029A130B100946EA5 /* UIViewControllerExtension.swift */; };
		0412EBA629A1347D00946EA5 /* CityCell.swift in Sources */ = {isa = PBXBuildFile; fileRef = 0412EBA429A1347D00946EA5 /* CityCell.swift */; };
		0412EBA929A136E800946EA5 /* CityViewModel.swift in Sources */ = {isa = PBXBuildFile; fileRef = 0412EBA829A136E800946EA5 /* CityViewModel.swift */; };
		0412EBAF29A13C9400946EA5 /* SearchCityViewModel.swift in Sources */ = {isa = PBXBuildFile; fileRef = 0412EBAE29A13C9400946EA5 /* SearchCityViewModel.swift */; };
		0412EBB229A13DED00946EA5 /* SearchCityViewController.swift in Sources */ = {isa = PBXBuildFile; fileRef = 0412EBB029A13DED00946EA5 /* SearchCityViewController.swift */; };
		0412EBB329A13DED00946EA5 /* SearchCityViewController.xib in Resources */ = {isa = PBXBuildFile; fileRef = 0412EBB129A13DED00946EA5 /* SearchCityViewController.xib */; };
		0412EBB929A16B0600946EA5 /* CityDetailsViewController.swift in Sources */ = {isa = PBXBuildFile; fileRef = 0412EBB729A16B0600946EA5 /* CityDetailsViewController.swift */; };
		0412EBBA29A16B0600946EA5 /* CityDetailsViewController.xib in Resources */ = {isa = PBXBuildFile; fileRef = 0412EBB829A16B0600946EA5 /* CityDetailsViewController.xib */; };
		0412EBBD29A16B5400946EA5 /* CityDetailsViewModel.swift in Sources */ = {isa = PBXBuildFile; fileRef = 0412EBBC29A16B5400946EA5 /* CityDetailsViewModel.swift */; };
		0412EBBF29A1790400946EA5 /* DateExtension.swift in Sources */ = {isa = PBXBuildFile; fileRef = 0412EBBE29A1790400946EA5 /* DateExtension.swift */; };
		04EA84BC29A0E2FF008FFBD1 /* AppDelegate.swift in Sources */ = {isa = PBXBuildFile; fileRef = 04EA84BB29A0E2FF008FFBD1 /* AppDelegate.swift */; };
		04EA84BE29A0E2FF008FFBD1 /* SceneDelegate.swift in Sources */ = {isa = PBXBuildFile; fileRef = 04EA84BD29A0E2FF008FFBD1 /* SceneDelegate.swift */; };
		04EA84C629A0E2FF008FFBD1 /* WeatherApp.xcdatamodeld in Sources */ = {isa = PBXBuildFile; fileRef = 04EA84C429A0E2FF008FFBD1 /* WeatherApp.xcdatamodeld */; };
		04EA84C829A0E301008FFBD1 /* Assets.xcassets in Resources */ = {isa = PBXBuildFile; fileRef = 04EA84C729A0E301008FFBD1 /* Assets.xcassets */; };
		04EA84CB29A0E301008FFBD1 /* LaunchScreen.storyboard in Resources */ = {isa = PBXBuildFile; fileRef = 04EA84C929A0E301008FFBD1 /* LaunchScreen.storyboard */; };
		04EA84D629A0E301008FFBD1 /* WeatherAppTests.swift in Sources */ = {isa = PBXBuildFile; fileRef = 04EA84D529A0E301008FFBD1 /* WeatherAppTests.swift */; };
		04EA84E029A0E301008FFBD1 /* WeatherAppUITests.swift in Sources */ = {isa = PBXBuildFile; fileRef = 04EA84DF29A0E301008FFBD1 /* WeatherAppUITests.swift */; };
		04EA84E229A0E301008FFBD1 /* WeatherAppUITestsLaunchTests.swift in Sources */ = {isa = PBXBuildFile; fileRef = 04EA84E129A0E301008FFBD1 /* WeatherAppUITestsLaunchTests.swift */; };
		04EA84FA29A0EA5F008FFBD1 /* HomeNavigator.swift in Sources */ = {isa = PBXBuildFile; fileRef = 04EA84F929A0EA5F008FFBD1 /* HomeNavigator.swift */; };
		04EA84FC29A0EA7B008FFBD1 /* Navigator.swift in Sources */ = {isa = PBXBuildFile; fileRef = 04EA84FB29A0EA7B008FFBD1 /* Navigator.swift */; };
		04EA84FE29A0EA92008FFBD1 /* AppCoordinator.swift in Sources */ = {isa = PBXBuildFile; fileRef = 04EA84FD29A0EA92008FFBD1 /* AppCoordinator.swift */; };
		04EA850029A0EB15008FFBD1 /* UIViewExtensions.swift in Sources */ = {isa = PBXBuildFile; fileRef = 04EA84FF29A0EB15008FFBD1 /* UIViewExtensions.swift */; };
		04EA850229A0EB2D008FFBD1 /* UIApplicationExtension.swift in Sources */ = {isa = PBXBuildFile; fileRef = 04EA850129A0EB2D008FFBD1 /* UIApplicationExtension.swift */; };
		04EA850429A0EB47008FFBD1 /* UITableViewExtension.swift in Sources */ = {isa = PBXBuildFile; fileRef = 04EA850329A0EB47008FFBD1 /* UITableViewExtension.swift */; };
		04EA850629A0EB67008FFBD1 /* NetworkConstants.swift in Sources */ = {isa = PBXBuildFile; fileRef = 04EA850529A0EB67008FFBD1 /* NetworkConstants.swift */; };
		04EA850829A0EC36008FFBD1 /* NetworkObservable.swift in Sources */ = {isa = PBXBuildFile; fileRef = 04EA850729A0EC36008FFBD1 /* NetworkObservable.swift */; };
		04EA850E29A0ECDE008FFBD1 /* BaseViewModel.swift in Sources */ = {isa = PBXBuildFile; fileRef = 04EA850D29A0ECDE008FFBD1 /* BaseViewModel.swift */; };
		04EA851029A0ECE6008FFBD1 /* BaseController.swift in Sources */ = {isa = PBXBuildFile; fileRef = 04EA850F29A0ECE6008FFBD1 /* BaseController.swift */; };
		04EA851229A0EDB8008FFBD1 /* ActivityIndicatorPresenter.swift in Sources */ = {isa = PBXBuildFile; fileRef = 04EA851129A0EDB8008FFBD1 /* ActivityIndicatorPresenter.swift */; };
		04EA851D29A0F2C5008FFBD1 /* HomeApiClient.swift in Sources */ = {isa = PBXBuildFile; fileRef = 04EA851C29A0F2C5008FFBD1 /* HomeApiClient.swift */; };
		04EA851F29A0F367008FFBD1 /* ResponseModel.swift in Sources */ = {isa = PBXBuildFile; fileRef = 04EA851E29A0F367008FFBD1 /* ResponseModel.swift */; };
		04EA852529A0F5A3008FFBD1 /* HTTPMethodType.swift in Sources */ = {isa = PBXBuildFile; fileRef = 04EA852429A0F5A3008FFBD1 /* HTTPMethodType.swift */; };
		04EA852D29A101D6008FFBD1 /* Colors.xcassets in Resources */ = {isa = PBXBuildFile; fileRef = 04EA852C29A101D6008FFBD1 /* Colors.xcassets */; };
		3AF59BF072953E5F22427E08 /* Pods_WeatherApp.framework in Frameworks */ = {isa = PBXBuildFile; fileRef = FFBC7B06E1C50AEB9DDEA05C /* Pods_WeatherApp.framework */; };
		4954B818939C6F95496FBB64 /* Pods_WeatherAppTests.framework in Frameworks */ = {isa = PBXBuildFile; fileRef = 1484C62B4FDDECC2E7E6E156 /* Pods_WeatherAppTests.framework */; };
		A169CD64D795700005AF9CEF /* Pods_WeatherApp_WeatherAppUITests.framework in Frameworks */ = {isa = PBXBuildFile; fileRef = 0F3FE2BE9F5CB98808F1C471 /* Pods_WeatherApp_WeatherAppUITests.framework */; };
/* End PBXBuildFile section */

/* Begin PBXContainerItemProxy section */
		04EA84D229A0E301008FFBD1 /* PBXContainerItemProxy */ = {
			isa = PBXContainerItemProxy;
			containerPortal = 04EA84B029A0E2FF008FFBD1 /* Project object */;
			proxyType = 1;
			remoteGlobalIDString = 04EA84B729A0E2FF008FFBD1;
			remoteInfo = WeatherApp;
		};
		04EA84DC29A0E301008FFBD1 /* PBXContainerItemProxy */ = {
			isa = PBXContainerItemProxy;
			containerPortal = 04EA84B029A0E2FF008FFBD1 /* Project object */;
			proxyType = 1;
			remoteGlobalIDString = 04EA84B729A0E2FF008FFBD1;
			remoteInfo = WeatherApp;
		};
/* End PBXContainerItemProxy section */

/* Begin PBXFileReference section */
		0412EB9129A10B0A00946EA5 /* RootController.swift */ = {isa = PBXFileReference; lastKnownFileType = sourcecode.swift; path = RootController.swift; sourceTree = "<group>"; };
		0412EB9229A10B0A00946EA5 /* RootController.xib */ = {isa = PBXFileReference; lastKnownFileType = file.xib; path = RootController.xib; sourceTree = "<group>"; };
		0412EB9529A117D000946EA5 /* RootViewModel.swift */ = {isa = PBXFileReference; lastKnownFileType = sourcecode.swift; path = RootViewModel.swift; sourceTree = "<group>"; };
		0412EB9C29A1206F00946EA5 /* UIBarButtonItem+Extension.swift */ = {isa = PBXFileReference; lastKnownFileType = sourcecode.swift; path = "UIBarButtonItem+Extension.swift"; sourceTree = "<group>"; };
		0412EB9E29A1235B00946EA5 /* UIColorExtension.swift */ = {isa = PBXFileReference; lastKnownFileType = sourcecode.swift; path = UIColorExtension.swift; sourceTree = "<group>"; };
		0412EBA029A130B100946EA5 /* UIViewControllerExtension.swift */ = {isa = PBXFileReference; lastKnownFileType = sourcecode.swift; path = UIViewControllerExtension.swift; sourceTree = "<group>"; };
		0412EBA429A1347D00946EA5 /* CityCell.swift */ = {isa = PBXFileReference; lastKnownFileType = sourcecode.swift; path = CityCell.swift; sourceTree = "<group>"; };
		0412EBA829A136E800946EA5 /* CityViewModel.swift */ = {isa = PBXFileReference; lastKnownFileType = sourcecode.swift; path = CityViewModel.swift; sourceTree = "<group>"; };
		0412EBAE29A13C9400946EA5 /* SearchCityViewModel.swift */ = {isa = PBXFileReference; lastKnownFileType = sourcecode.swift; path = SearchCityViewModel.swift; sourceTree = "<group>"; };
		0412EBB029A13DED00946EA5 /* SearchCityViewController.swift */ = {isa = PBXFileReference; lastKnownFileType = sourcecode.swift; path = SearchCityViewController.swift; sourceTree = "<group>"; };
		0412EBB129A13DED00946EA5 /* SearchCityViewController.xib */ = {isa = PBXFileReference; lastKnownFileType = file.xib; path = SearchCityViewController.xib; sourceTree = "<group>"; };
		0412EBB729A16B0600946EA5 /* CityDetailsViewController.swift */ = {isa = PBXFileReference; lastKnownFileType = sourcecode.swift; path = CityDetailsViewController.swift; sourceTree = "<group>"; };
		0412EBB829A16B0600946EA5 /* CityDetailsViewController.xib */ = {isa = PBXFileReference; lastKnownFileType = file.xib; path = CityDetailsViewController.xib; sourceTree = "<group>"; };
		0412EBBC29A16B5400946EA5 /* CityDetailsViewModel.swift */ = {isa = PBXFileReference; lastKnownFileType = sourcecode.swift; path = CityDetailsViewModel.swift; sourceTree = "<group>"; };
		0412EBBE29A1790400946EA5 /* DateExtension.swift */ = {isa = PBXFileReference; lastKnownFileType = sourcecode.swift; path = DateExtension.swift; sourceTree = "<group>"; };
		04EA84B829A0E2FF008FFBD1 /* WeatherApp.app */ = {isa = PBXFileReference; explicitFileType = wrapper.application; includeInIndex = 0; path = WeatherApp.app; sourceTree = BUILT_PRODUCTS_DIR; };
		04EA84BB29A0E2FF008FFBD1 /* AppDelegate.swift */ = {isa = PBXFileReference; lastKnownFileType = sourcecode.swift; path = AppDelegate.swift; sourceTree = "<group>"; };
		04EA84BD29A0E2FF008FFBD1 /* SceneDelegate.swift */ = {isa = PBXFileReference; lastKnownFileType = sourcecode.swift; path = SceneDelegate.swift; sourceTree = "<group>"; };
		04EA84C529A0E2FF008FFBD1 /* WeatherApp.xcdatamodel */ = {isa = PBXFileReference; lastKnownFileType = wrapper.xcdatamodel; path = WeatherApp.xcdatamodel; sourceTree = "<group>"; };
		04EA84C729A0E301008FFBD1 /* Assets.xcassets */ = {isa = PBXFileReference; lastKnownFileType = folder.assetcatalog; path = Assets.xcassets; sourceTree = "<group>"; };
		04EA84CA29A0E301008FFBD1 /* Base */ = {isa = PBXFileReference; lastKnownFileType = file.storyboard; name = Base; path = Base.lproj/LaunchScreen.storyboard; sourceTree = "<group>"; };
		04EA84CC29A0E301008FFBD1 /* Info.plist */ = {isa = PBXFileReference; lastKnownFileType = text.plist.xml; path = Info.plist; sourceTree = "<group>"; };
		04EA84D129A0E301008FFBD1 /* WeatherAppTests.xctest */ = {isa = PBXFileReference; explicitFileType = wrapper.cfbundle; includeInIndex = 0; path = WeatherAppTests.xctest; sourceTree = BUILT_PRODUCTS_DIR; };
		04EA84D529A0E301008FFBD1 /* WeatherAppTests.swift */ = {isa = PBXFileReference; lastKnownFileType = sourcecode.swift; path = WeatherAppTests.swift; sourceTree = "<group>"; };
		04EA84DB29A0E301008FFBD1 /* WeatherAppUITests.xctest */ = {isa = PBXFileReference; explicitFileType = wrapper.cfbundle; includeInIndex = 0; path = WeatherAppUITests.xctest; sourceTree = BUILT_PRODUCTS_DIR; };
		04EA84DF29A0E301008FFBD1 /* WeatherAppUITests.swift */ = {isa = PBXFileReference; lastKnownFileType = sourcecode.swift; path = WeatherAppUITests.swift; sourceTree = "<group>"; };
		04EA84E129A0E301008FFBD1 /* WeatherAppUITestsLaunchTests.swift */ = {isa = PBXFileReference; lastKnownFileType = sourcecode.swift; path = WeatherAppUITestsLaunchTests.swift; sourceTree = "<group>"; };
		04EA84F929A0EA5F008FFBD1 /* HomeNavigator.swift */ = {isa = PBXFileReference; lastKnownFileType = sourcecode.swift; path = HomeNavigator.swift; sourceTree = "<group>"; };
		04EA84FB29A0EA7B008FFBD1 /* Navigator.swift */ = {isa = PBXFileReference; lastKnownFileType = sourcecode.swift; path = Navigator.swift; sourceTree = "<group>"; };
		04EA84FD29A0EA92008FFBD1 /* AppCoordinator.swift */ = {isa = PBXFileReference; lastKnownFileType = sourcecode.swift; path = AppCoordinator.swift; sourceTree = "<group>"; };
		04EA84FF29A0EB15008FFBD1 /* UIViewExtensions.swift */ = {isa = PBXFileReference; lastKnownFileType = sourcecode.swift; path = UIViewExtensions.swift; sourceTree = "<group>"; };
		04EA850129A0EB2D008FFBD1 /* UIApplicationExtension.swift */ = {isa = PBXFileReference; lastKnownFileType = sourcecode.swift; path = UIApplicationExtension.swift; sourceTree = "<group>"; };
		04EA850329A0EB47008FFBD1 /* UITableViewExtension.swift */ = {isa = PBXFileReference; lastKnownFileType = sourcecode.swift; path = UITableViewExtension.swift; sourceTree = "<group>"; };
		04EA850529A0EB67008FFBD1 /* NetworkConstants.swift */ = {isa = PBXFileReference; lastKnownFileType = sourcecode.swift; path = NetworkConstants.swift; sourceTree = "<group>"; };
		04EA850729A0EC36008FFBD1 /* NetworkObservable.swift */ = {isa = PBXFileReference; lastKnownFileType = sourcecode.swift; path = NetworkObservable.swift; sourceTree = "<group>"; };
		04EA850D29A0ECDE008FFBD1 /* BaseViewModel.swift */ = {isa = PBXFileReference; lastKnownFileType = sourcecode.swift; path = BaseViewModel.swift; sourceTree = "<group>"; };
		04EA850F29A0ECE6008FFBD1 /* BaseController.swift */ = {isa = PBXFileReference; lastKnownFileType = sourcecode.swift; path = BaseController.swift; sourceTree = "<group>"; };
		04EA851129A0EDB8008FFBD1 /* ActivityIndicatorPresenter.swift */ = {isa = PBXFileReference; lastKnownFileType = sourcecode.swift; path = ActivityIndicatorPresenter.swift; sourceTree = "<group>"; };
		04EA851C29A0F2C5008FFBD1 /* HomeApiClient.swift */ = {isa = PBXFileReference; lastKnownFileType = sourcecode.swift; path = HomeApiClient.swift; sourceTree = "<group>"; };
		04EA851E29A0F367008FFBD1 /* ResponseModel.swift */ = {isa = PBXFileReference; lastKnownFileType = sourcecode.swift; path = ResponseModel.swift; sourceTree = "<group>"; };
		04EA852429A0F5A3008FFBD1 /* HTTPMethodType.swift */ = {isa = PBXFileReference; lastKnownFileType = sourcecode.swift; path = HTTPMethodType.swift; sourceTree = "<group>"; };
		04EA852C29A101D6008FFBD1 /* Colors.xcassets */ = {isa = PBXFileReference; lastKnownFileType = folder.assetcatalog; path = Colors.xcassets; sourceTree = "<group>"; };
		0F3FE2BE9F5CB98808F1C471 /* Pods_WeatherApp_WeatherAppUITests.framework */ = {isa = PBXFileReference; explicitFileType = wrapper.framework; includeInIndex = 0; path = Pods_WeatherApp_WeatherAppUITests.framework; sourceTree = BUILT_PRODUCTS_DIR; };
		1484C62B4FDDECC2E7E6E156 /* Pods_WeatherAppTests.framework */ = {isa = PBXFileReference; explicitFileType = wrapper.framework; includeInIndex = 0; path = Pods_WeatherAppTests.framework; sourceTree = BUILT_PRODUCTS_DIR; };
		17EC4DCE676E1102C01783C2 /* Pods-WeatherApp-WeatherAppUITests.release.xcconfig */ = {isa = PBXFileReference; includeInIndex = 1; lastKnownFileType = text.xcconfig; name = "Pods-WeatherApp-WeatherAppUITests.release.xcconfig"; path = "Target Support Files/Pods-WeatherApp-WeatherAppUITests/Pods-WeatherApp-WeatherAppUITests.release.xcconfig"; sourceTree = "<group>"; };
		26B0792C3DB49521C0D9A94F /* Pods-WeatherApp.release.xcconfig */ = {isa = PBXFileReference; includeInIndex = 1; lastKnownFileType = text.xcconfig; name = "Pods-WeatherApp.release.xcconfig"; path = "Target Support Files/Pods-WeatherApp/Pods-WeatherApp.release.xcconfig"; sourceTree = "<group>"; };
		5AD800CD4C36E078CA358036 /* Pods-WeatherApp.debug.xcconfig */ = {isa = PBXFileReference; includeInIndex = 1; lastKnownFileType = text.xcconfig; name = "Pods-WeatherApp.debug.xcconfig"; path = "Target Support Files/Pods-WeatherApp/Pods-WeatherApp.debug.xcconfig"; sourceTree = "<group>"; };
		9070B4024413BD3D9CBFC19F /* Pods-WeatherApp-WeatherAppUITests.debug.xcconfig */ = {isa = PBXFileReference; includeInIndex = 1; lastKnownFileType = text.xcconfig; name = "Pods-WeatherApp-WeatherAppUITests.debug.xcconfig"; path = "Target Support Files/Pods-WeatherApp-WeatherAppUITests/Pods-WeatherApp-WeatherAppUITests.debug.xcconfig"; sourceTree = "<group>"; };
		C1B2189FEC2AE133FA305F96 /* Pods-WeatherAppTests.debug.xcconfig */ = {isa = PBXFileReference; includeInIndex = 1; lastKnownFileType = text.xcconfig; name = "Pods-WeatherAppTests.debug.xcconfig"; path = "Target Support Files/Pods-WeatherAppTests/Pods-WeatherAppTests.debug.xcconfig"; sourceTree = "<group>"; };
		D2A97A3B4FC7D825CCF31A39 /* Pods-WeatherAppTests.release.xcconfig */ = {isa = PBXFileReference; includeInIndex = 1; lastKnownFileType = text.xcconfig; name = "Pods-WeatherAppTests.release.xcconfig"; path = "Target Support Files/Pods-WeatherAppTests/Pods-WeatherAppTests.release.xcconfig"; sourceTree = "<group>"; };
		FFBC7B06E1C50AEB9DDEA05C /* Pods_WeatherApp.framework */ = {isa = PBXFileReference; explicitFileType = wrapper.framework; includeInIndex = 0; path = Pods_WeatherApp.framework; sourceTree = BUILT_PRODUCTS_DIR; };
/* End PBXFileReference section */

/* Begin PBXFrameworksBuildPhase section */
		04EA84B529A0E2FF008FFBD1 /* Frameworks */ = {
			isa = PBXFrameworksBuildPhase;
			buildActionMask = 2147483647;
			files = (
				3AF59BF072953E5F22427E08 /* Pods_WeatherApp.framework in Frameworks */,
			);
			runOnlyForDeploymentPostprocessing = 0;
		};
		04EA84CE29A0E301008FFBD1 /* Frameworks */ = {
			isa = PBXFrameworksBuildPhase;
			buildActionMask = 2147483647;
			files = (
				4954B818939C6F95496FBB64 /* Pods_WeatherAppTests.framework in Frameworks */,
			);
			runOnlyForDeploymentPostprocessing = 0;
		};
		04EA84D829A0E301008FFBD1 /* Frameworks */ = {
			isa = PBXFrameworksBuildPhase;
			buildActionMask = 2147483647;
			files = (
				A169CD64D795700005AF9CEF /* Pods_WeatherApp_WeatherAppUITests.framework in Frameworks */,
			);
			runOnlyForDeploymentPostprocessing = 0;
		};
/* End PBXFrameworksBuildPhase section */

/* Begin PBXGroup section */
		0412EBA229A1344F00946EA5 /* SearchCity */ = {
			isa = PBXGroup;
			children = (
				0412EBAB29A13AD200946EA5 /* View */,
				0412EBAA29A13ACD00946EA5 /* ViewModel */,
			);
			path = SearchCity;
			sourceTree = "<group>";
		};
		0412EBA329A1346600946EA5 /* CityCell */ = {
			isa = PBXGroup;
			children = (
				0412EBA429A1347D00946EA5 /* CityCell.swift */,
			);
			path = CityCell;
			sourceTree = "<group>";
		};
		0412EBAA29A13ACD00946EA5 /* ViewModel */ = {
			isa = PBXGroup;
			children = (
				0412EBAE29A13C9400946EA5 /* SearchCityViewModel.swift */,
			);
			path = ViewModel;
			sourceTree = "<group>";
		};
		0412EBAB29A13AD200946EA5 /* View */ = {
			isa = PBXGroup;
			children = (
				0412EBB029A13DED00946EA5 /* SearchCityViewController.swift */,
				0412EBB129A13DED00946EA5 /* SearchCityViewController.xib */,
			);
			path = View;
			sourceTree = "<group>";
		};
		0412EBB429A16A5E00946EA5 /* CityDetails */ = {
			isa = PBXGroup;
			children = (
				0412EBB629A16AE100946EA5 /* View */,
				0412EBB529A16ADE00946EA5 /* ViewModel */,
			);
			path = CityDetails;
			sourceTree = "<group>";
		};
		0412EBB529A16ADE00946EA5 /* ViewModel */ = {
			isa = PBXGroup;
			children = (
				0412EBBC29A16B5400946EA5 /* CityDetailsViewModel.swift */,
			);
			path = ViewModel;
			sourceTree = "<group>";
		};
		0412EBB629A16AE100946EA5 /* View */ = {
			isa = PBXGroup;
			children = (
				0412EBB729A16B0600946EA5 /* CityDetailsViewController.swift */,
				0412EBB829A16B0600946EA5 /* CityDetailsViewController.xib */,
			);
			path = View;
			sourceTree = "<group>";
		};
		04EA84AF29A0E2FF008FFBD1 = {
			isa = PBXGroup;
			children = (
				04EA84BA29A0E2FF008FFBD1 /* WeatherApp */,
				04EA84D429A0E301008FFBD1 /* WeatherAppTests */,
				04EA84DE29A0E301008FFBD1 /* WeatherAppUITests */,
				04EA84B929A0E2FF008FFBD1 /* Products */,
				4773B125B7DCA232C4A63F41 /* Pods */,
				FB0D4F6BAFA525FFE6049C5F /* Frameworks */,
			);
			sourceTree = "<group>";
		};
		04EA84B929A0E2FF008FFBD1 /* Products */ = {
			isa = PBXGroup;
			children = (
				04EA84B829A0E2FF008FFBD1 /* WeatherApp.app */,
				04EA84D129A0E301008FFBD1 /* WeatherAppTests.xctest */,
				04EA84DB29A0E301008FFBD1 /* WeatherAppUITests.xctest */,
			);
			name = Products;
			sourceTree = "<group>";
		};
		04EA84BA29A0E2FF008FFBD1 /* WeatherApp */ = {
			isa = PBXGroup;
			children = (
				04EA850C29A0ECBA008FFBD1 /* CoreData */,
				04EA84EE29A0E9E5008FFBD1 /* Utility */,
				04EA84F529A0E9EF008FFBD1 /* Application */,
				04EA84F129A0E9E9008FFBD1 /* Extensions */,
				04EA84F329A0E9EC008FFBD1 /* Network */,
				04EA84EF29A0E9E7008FFBD1 /* Modules */,
			);
			path = WeatherApp;
			sourceTree = "<group>";
		};
		04EA84D429A0E301008FFBD1 /* WeatherAppTests */ = {
			isa = PBXGroup;
			children = (
				04EA84D529A0E301008FFBD1 /* WeatherAppTests.swift */,
			);
			path = WeatherAppTests;
			sourceTree = "<group>";
		};
		04EA84DE29A0E301008FFBD1 /* WeatherAppUITests */ = {
			isa = PBXGroup;
			children = (
				04EA84DF29A0E301008FFBD1 /* WeatherAppUITests.swift */,
				04EA84E129A0E301008FFBD1 /* WeatherAppUITestsLaunchTests.swift */,
			);
			path = WeatherAppUITests;
			sourceTree = "<group>";
		};
		04EA84EE29A0E9E5008FFBD1 /* Utility */ = {
			isa = PBXGroup;
			children = (
				04EA84F629A0EA3E008FFBD1 /* Coordinator */,
			);
			path = Utility;
			sourceTree = "<group>";
		};
		04EA84EF29A0E9E7008FFBD1 /* Modules */ = {
			isa = PBXGroup;
			children = (
				04EA84F429A0E9EE008FFBD1 /* Home */,
				0412EBA229A1344F00946EA5 /* SearchCity */,
				0412EBB429A16A5E00946EA5 /* CityDetails */,
			);
			path = Modules;
			sourceTree = "<group>";
		};
		04EA84F129A0E9E9008FFBD1 /* Extensions */ = {
			isa = PBXGroup;
			children = (
				0412EBBE29A1790400946EA5 /* DateExtension.swift */,
				04EA850129A0EB2D008FFBD1 /* UIApplicationExtension.swift */,
				0412EB9C29A1206F00946EA5 /* UIBarButtonItem+Extension.swift */,
				0412EB9E29A1235B00946EA5 /* UIColorExtension.swift */,
				04EA850329A0EB47008FFBD1 /* UITableViewExtension.swift */,
				0412EBA029A130B100946EA5 /* UIViewControllerExtension.swift */,
				04EA84FF29A0EB15008FFBD1 /* UIViewExtensions.swift */,
			);
			path = Extensions;
			sourceTree = "<group>";
		};
		04EA84F329A0E9EC008FFBD1 /* Network */ = {
			isa = PBXGroup;
			children = (
				04EA852429A0F5A3008FFBD1 /* HTTPMethodType.swift */,
				04EA850529A0EB67008FFBD1 /* NetworkConstants.swift */,
				04EA850729A0EC36008FFBD1 /* NetworkObservable.swift */,
			);
			path = Network;
			sourceTree = "<group>";
		};
		04EA84F429A0E9EE008FFBD1 /* Home */ = {
			isa = PBXGroup;
			children = (
				04EA851729A0F2B6008FFBD1 /* Domain */,
				04EA851B29A0F2BD008FFBD1 /* Model */,
				04EA851A29A0F2BC008FFBD1 /* View */,
				04EA851929A0F2BB008FFBD1 /* ViewModel */,
			);
			path = Home;
			sourceTree = "<group>";
		};
		04EA84F529A0E9EF008FFBD1 /* Application */ = {
			isa = PBXGroup;
			children = (
				04EA850B29A0EC8D008FFBD1 /* Themes */,
				04EA850A29A0EC8C008FFBD1 /* Core */,
				04EA850929A0EC8A008FFBD1 /* SupportedFiles */,
			);
			path = Application;
			sourceTree = "<group>";
		};
		04EA84F629A0EA3E008FFBD1 /* Coordinator */ = {
			isa = PBXGroup;
			children = (
				04EA84FD29A0EA92008FFBD1 /* AppCoordinator.swift */,
				04EA84F829A0EA46008FFBD1 /* Protocols */,
				04EA84F729A0EA44008FFBD1 /* Navigators */,
			);
			path = Coordinator;
			sourceTree = "<group>";
		};
		04EA84F729A0EA44008FFBD1 /* Navigators */ = {
			isa = PBXGroup;
			children = (
				04EA84F929A0EA5F008FFBD1 /* HomeNavigator.swift */,
			);
			path = Navigators;
			sourceTree = "<group>";
		};
		04EA84F829A0EA46008FFBD1 /* Protocols */ = {
			isa = PBXGroup;
			children = (
				04EA84FB29A0EA7B008FFBD1 /* Navigator.swift */,
			);
			path = Protocols;
			sourceTree = "<group>";
		};
		04EA850929A0EC8A008FFBD1 /* SupportedFiles */ = {
			isa = PBXGroup;
			children = (
				04EA84BB29A0E2FF008FFBD1 /* AppDelegate.swift */,
				04EA84BD29A0E2FF008FFBD1 /* SceneDelegate.swift */,
				04EA84C729A0E301008FFBD1 /* Assets.xcassets */,
				04EA852C29A101D6008FFBD1 /* Colors.xcassets */,
				04EA84C929A0E301008FFBD1 /* LaunchScreen.storyboard */,
				04EA84CC29A0E301008FFBD1 /* Info.plist */,
			);
			path = SupportedFiles;
			sourceTree = "<group>";
		};
		04EA850A29A0EC8C008FFBD1 /* Core */ = {
			isa = PBXGroup;
			children = (
				04EA850D29A0ECDE008FFBD1 /* BaseViewModel.swift */,
				04EA850F29A0ECE6008FFBD1 /* BaseController.swift */,
			);
			path = Core;
			sourceTree = "<group>";
		};
		04EA850B29A0EC8D008FFBD1 /* Themes */ = {
			isa = PBXGroup;
			children = (
				04EA851129A0EDB8008FFBD1 /* ActivityIndicatorPresenter.swift */,
			);
			path = Themes;
			sourceTree = "<group>";
		};
		04EA850C29A0ECBA008FFBD1 /* CoreData */ = {
			isa = PBXGroup;
			children = (
				04EA84C429A0E2FF008FFBD1 /* WeatherApp.xcdatamodeld */,
			);
			path = CoreData;
			sourceTree = "<group>";
		};
		04EA851729A0F2B6008FFBD1 /* Domain */ = {
			isa = PBXGroup;
			children = (
				04EA851C29A0F2C5008FFBD1 /* HomeApiClient.swift */,
			);
			path = Domain;
			sourceTree = "<group>";
		};
		04EA851929A0F2BB008FFBD1 /* ViewModel */ = {
			isa = PBXGroup;
			children = (
				0412EB9529A117D000946EA5 /* RootViewModel.swift */,
				0412EBA829A136E800946EA5 /* CityViewModel.swift */,
			);
			path = ViewModel;
			sourceTree = "<group>";
		};
		04EA851A29A0F2BC008FFBD1 /* View */ = {
			isa = PBXGroup;
			children = (
				0412EBA329A1346600946EA5 /* CityCell */,
				0412EB9129A10B0A00946EA5 /* RootController.swift */,
				0412EB9229A10B0A00946EA5 /* RootController.xib */,
			);
			path = View;
			sourceTree = "<group>";
		};
		04EA851B29A0F2BD008FFBD1 /* Model */ = {
			isa = PBXGroup;
			children = (
				04EA851E29A0F367008FFBD1 /* ResponseModel.swift */,
			);
			path = Model;
			sourceTree = "<group>";
		};
		4773B125B7DCA232C4A63F41 /* Pods */ = {
			isa = PBXGroup;
			children = (
				5AD800CD4C36E078CA358036 /* Pods-WeatherApp.debug.xcconfig */,
				26B0792C3DB49521C0D9A94F /* Pods-WeatherApp.release.xcconfig */,
				9070B4024413BD3D9CBFC19F /* Pods-WeatherApp-WeatherAppUITests.debug.xcconfig */,
				17EC4DCE676E1102C01783C2 /* Pods-WeatherApp-WeatherAppUITests.release.xcconfig */,
				C1B2189FEC2AE133FA305F96 /* Pods-WeatherAppTests.debug.xcconfig */,
				D2A97A3B4FC7D825CCF31A39 /* Pods-WeatherAppTests.release.xcconfig */,
			);
			path = Pods;
			sourceTree = "<group>";
		};
		FB0D4F6BAFA525FFE6049C5F /* Frameworks */ = {
			isa = PBXGroup;
			children = (
				FFBC7B06E1C50AEB9DDEA05C /* Pods_WeatherApp.framework */,
				0F3FE2BE9F5CB98808F1C471 /* Pods_WeatherApp_WeatherAppUITests.framework */,
				1484C62B4FDDECC2E7E6E156 /* Pods_WeatherAppTests.framework */,
			);
			name = Frameworks;
			sourceTree = "<group>";
		};
/* End PBXGroup section */

/* Begin PBXNativeTarget section */
		04EA84B729A0E2FF008FFBD1 /* WeatherApp */ = {
			isa = PBXNativeTarget;
			buildConfigurationList = 04EA84E529A0E301008FFBD1 /* Build configuration list for PBXNativeTarget "WeatherApp" */;
			buildPhases = (
				A0B70263143C07A22F3006D4 /* [CP] Check Pods Manifest.lock */,
				04EA84B429A0E2FF008FFBD1 /* Sources */,
				04EA84B529A0E2FF008FFBD1 /* Frameworks */,
				04EA84B629A0E2FF008FFBD1 /* Resources */,
				2747C29FFE05AF868CCEE296 /* [CP] Embed Pods Frameworks */,
			);
			buildRules = (
			);
			dependencies = (
			);
			name = WeatherApp;
			productName = WeatherApp;
			productReference = 04EA84B829A0E2FF008FFBD1 /* WeatherApp.app */;
			productType = "com.apple.product-type.application";
		};
		04EA84D029A0E301008FFBD1 /* WeatherAppTests */ = {
			isa = PBXNativeTarget;
			buildConfigurationList = 04EA84E829A0E301008FFBD1 /* Build configuration list for PBXNativeTarget "WeatherAppTests" */;
			buildPhases = (
				EC4927926094134561CCE365 /* [CP] Check Pods Manifest.lock */,
				04EA84CD29A0E301008FFBD1 /* Sources */,
				04EA84CE29A0E301008FFBD1 /* Frameworks */,
				04EA84CF29A0E301008FFBD1 /* Resources */,
			);
			buildRules = (
			);
			dependencies = (
				04EA84D329A0E301008FFBD1 /* PBXTargetDependency */,
			);
			name = WeatherAppTests;
			productName = WeatherAppTests;
			productReference = 04EA84D129A0E301008FFBD1 /* WeatherAppTests.xctest */;
			productType = "com.apple.product-type.bundle.unit-test";
		};
		04EA84DA29A0E301008FFBD1 /* WeatherAppUITests */ = {
			isa = PBXNativeTarget;
			buildConfigurationList = 04EA84EB29A0E301008FFBD1 /* Build configuration list for PBXNativeTarget "WeatherAppUITests" */;
			buildPhases = (
				9D26CDA2C13BA13920C02F87 /* [CP] Check Pods Manifest.lock */,
				04EA84D729A0E301008FFBD1 /* Sources */,
				04EA84D829A0E301008FFBD1 /* Frameworks */,
				04EA84D929A0E301008FFBD1 /* Resources */,
				D1D1D5FECF06A7861866A494 /* [CP] Embed Pods Frameworks */,
			);
			buildRules = (
			);
			dependencies = (
				04EA84DD29A0E301008FFBD1 /* PBXTargetDependency */,
			);
			name = WeatherAppUITests;
			productName = WeatherAppUITests;
			productReference = 04EA84DB29A0E301008FFBD1 /* WeatherAppUITests.xctest */;
			productType = "com.apple.product-type.bundle.ui-testing";
		};
/* End PBXNativeTarget section */

/* Begin PBXProject section */
		04EA84B029A0E2FF008FFBD1 /* Project object */ = {
			isa = PBXProject;
			attributes = {
				BuildIndependentTargetsInParallel = 1;
				LastSwiftUpdateCheck = 1420;
				LastUpgradeCheck = 1420;
				TargetAttributes = {
					04EA84B729A0E2FF008FFBD1 = {
						CreatedOnToolsVersion = 14.2;
					};
					04EA84D029A0E301008FFBD1 = {
						CreatedOnToolsVersion = 14.2;
						TestTargetID = 04EA84B729A0E2FF008FFBD1;
					};
					04EA84DA29A0E301008FFBD1 = {
						CreatedOnToolsVersion = 14.2;
						TestTargetID = 04EA84B729A0E2FF008FFBD1;
					};
				};
			};
			buildConfigurationList = 04EA84B329A0E2FF008FFBD1 /* Build configuration list for PBXProject "WeatherApp" */;
			compatibilityVersion = "Xcode 14.0";
			developmentRegion = en;
			hasScannedForEncodings = 0;
			knownRegions = (
				en,
				Base,
			);
			mainGroup = 04EA84AF29A0E2FF008FFBD1;
			productRefGroup = 04EA84B929A0E2FF008FFBD1 /* Products */;
			projectDirPath = "";
			projectRoot = "";
			targets = (
				04EA84B729A0E2FF008FFBD1 /* WeatherApp */,
				04EA84D029A0E301008FFBD1 /* WeatherAppTests */,
				04EA84DA29A0E301008FFBD1 /* WeatherAppUITests */,
			);
		};
/* End PBXProject section */

/* Begin PBXResourcesBuildPhase section */
		04EA84B629A0E2FF008FFBD1 /* Resources */ = {
			isa = PBXResourcesBuildPhase;
			buildActionMask = 2147483647;
			files = (
				04EA84CB29A0E301008FFBD1 /* LaunchScreen.storyboard in Resources */,
				0412EBB329A13DED00946EA5 /* SearchCityViewController.xib in Resources */,
				04EA852D29A101D6008FFBD1 /* Colors.xcassets in Resources */,
				04EA84C829A0E301008FFBD1 /* Assets.xcassets in Resources */,
				0412EBBA29A16B0600946EA5 /* CityDetailsViewController.xib in Resources */,
				0412EB9429A10B0A00946EA5 /* RootController.xib in Resources */,
			);
			runOnlyForDeploymentPostprocessing = 0;
		};
		04EA84CF29A0E301008FFBD1 /* Resources */ = {
			isa = PBXResourcesBuildPhase;
			buildActionMask = 2147483647;
			files = (
			);
			runOnlyForDeploymentPostprocessing = 0;
		};
		04EA84D929A0E301008FFBD1 /* Resources */ = {
			isa = PBXResourcesBuildPhase;
			buildActionMask = 2147483647;
			files = (
			);
			runOnlyForDeploymentPostprocessing = 0;
		};
/* End PBXResourcesBuildPhase section */

/* Begin PBXShellScriptBuildPhase section */
		2747C29FFE05AF868CCEE296 /* [CP] Embed Pods Frameworks */ = {
			isa = PBXShellScriptBuildPhase;
			buildActionMask = 2147483647;
			files = (
			);
			inputFileListPaths = (
				"${PODS_ROOT}/Target Support Files/Pods-WeatherApp/Pods-WeatherApp-frameworks-${CONFIGURATION}-input-files.xcfilelist",
			);
			name = "[CP] Embed Pods Frameworks";
			outputFileListPaths = (
				"${PODS_ROOT}/Target Support Files/Pods-WeatherApp/Pods-WeatherApp-frameworks-${CONFIGURATION}-output-files.xcfilelist",
			);
			runOnlyForDeploymentPostprocessing = 0;
			shellPath = /bin/sh;
			shellScript = "\"${PODS_ROOT}/Target Support Files/Pods-WeatherApp/Pods-WeatherApp-frameworks.sh\"\n";
			showEnvVarsInLog = 0;
		};
		9D26CDA2C13BA13920C02F87 /* [CP] Check Pods Manifest.lock */ = {
			isa = PBXShellScriptBuildPhase;
			buildActionMask = 2147483647;
			files = (
			);
			inputFileListPaths = (
			);
			inputPaths = (
				"${PODS_PODFILE_DIR_PATH}/Podfile.lock",
				"${PODS_ROOT}/Manifest.lock",
			);
			name = "[CP] Check Pods Manifest.lock";
			outputFileListPaths = (
			);
			outputPaths = (
				"$(DERIVED_FILE_DIR)/Pods-WeatherApp-WeatherAppUITests-checkManifestLockResult.txt",
			);
			runOnlyForDeploymentPostprocessing = 0;
			shellPath = /bin/sh;
			shellScript = "diff \"${PODS_PODFILE_DIR_PATH}/Podfile.lock\" \"${PODS_ROOT}/Manifest.lock\" > /dev/null\nif [ $? != 0 ] ; then\n    # print error to STDERR\n    echo \"error: The sandbox is not in sync with the Podfile.lock. Run 'pod install' or update your CocoaPods installation.\" >&2\n    exit 1\nfi\n# This output is used by Xcode 'outputs' to avoid re-running this script phase.\necho \"SUCCESS\" > \"${SCRIPT_OUTPUT_FILE_0}\"\n";
			showEnvVarsInLog = 0;
		};
		A0B70263143C07A22F3006D4 /* [CP] Check Pods Manifest.lock */ = {
			isa = PBXShellScriptBuildPhase;
			buildActionMask = 2147483647;
			files = (
			);
			inputFileListPaths = (
			);
			inputPaths = (
				"${PODS_PODFILE_DIR_PATH}/Podfile.lock",
				"${PODS_ROOT}/Manifest.lock",
			);
			name = "[CP] Check Pods Manifest.lock";
			outputFileListPaths = (
			);
			outputPaths = (
				"$(DERIVED_FILE_DIR)/Pods-WeatherApp-checkManifestLockResult.txt",
			);
			runOnlyForDeploymentPostprocessing = 0;
			shellPath = /bin/sh;
			shellScript = "diff \"${PODS_PODFILE_DIR_PATH}/Podfile.lock\" \"${PODS_ROOT}/Manifest.lock\" > /dev/null\nif [ $? != 0 ] ; then\n    # print error to STDERR\n    echo \"error: The sandbox is not in sync with the Podfile.lock. Run 'pod install' or update your CocoaPods installation.\" >&2\n    exit 1\nfi\n# This output is used by Xcode 'outputs' to avoid re-running this script phase.\necho \"SUCCESS\" > \"${SCRIPT_OUTPUT_FILE_0}\"\n";
			showEnvVarsInLog = 0;
		};
		D1D1D5FECF06A7861866A494 /* [CP] Embed Pods Frameworks */ = {
			isa = PBXShellScriptBuildPhase;
			buildActionMask = 2147483647;
			files = (
			);
			inputFileListPaths = (
				"${PODS_ROOT}/Target Support Files/Pods-WeatherApp-WeatherAppUITests/Pods-WeatherApp-WeatherAppUITests-frameworks-${CONFIGURATION}-input-files.xcfilelist",
			);
			name = "[CP] Embed Pods Frameworks";
			outputFileListPaths = (
				"${PODS_ROOT}/Target Support Files/Pods-WeatherApp-WeatherAppUITests/Pods-WeatherApp-WeatherAppUITests-frameworks-${CONFIGURATION}-output-files.xcfilelist",
			);
			runOnlyForDeploymentPostprocessing = 0;
			shellPath = /bin/sh;
			shellScript = "\"${PODS_ROOT}/Target Support Files/Pods-WeatherApp-WeatherAppUITests/Pods-WeatherApp-WeatherAppUITests-frameworks.sh\"\n";
			showEnvVarsInLog = 0;
		};
		EC4927926094134561CCE365 /* [CP] Check Pods Manifest.lock */ = {
			isa = PBXShellScriptBuildPhase;
			buildActionMask = 2147483647;
			files = (
			);
			inputFileListPaths = (
			);
			inputPaths = (
				"${PODS_PODFILE_DIR_PATH}/Podfile.lock",
				"${PODS_ROOT}/Manifest.lock",
			);
			name = "[CP] Check Pods Manifest.lock";
			outputFileListPaths = (
			);
			outputPaths = (
				"$(DERIVED_FILE_DIR)/Pods-WeatherAppTests-checkManifestLockResult.txt",
			);
			runOnlyForDeploymentPostprocessing = 0;
			shellPath = /bin/sh;
			shellScript = "diff \"${PODS_PODFILE_DIR_PATH}/Podfile.lock\" \"${PODS_ROOT}/Manifest.lock\" > /dev/null\nif [ $? != 0 ] ; then\n    # print error to STDERR\n    echo \"error: The sandbox is not in sync with the Podfile.lock. Run 'pod install' or update your CocoaPods installation.\" >&2\n    exit 1\nfi\n# This output is used by Xcode 'outputs' to avoid re-running this script phase.\necho \"SUCCESS\" > \"${SCRIPT_OUTPUT_FILE_0}\"\n";
			showEnvVarsInLog = 0;
		};
/* End PBXShellScriptBuildPhase section */

/* Begin PBXSourcesBuildPhase section */
		04EA84B429A0E2FF008FFBD1 /* Sources */ = {
			isa = PBXSourcesBuildPhase;
			buildActionMask = 2147483647;
			files = (
				04EA851D29A0F2C5008FFBD1 /* HomeApiClient.swift in Sources */,
				04EA84C629A0E2FF008FFBD1 /* WeatherApp.xcdatamodeld in Sources */,
				04EA850829A0EC36008FFBD1 /* NetworkObservable.swift in Sources */,
				0412EBB229A13DED00946EA5 /* SearchCityViewController.swift in Sources */,
				04EA851029A0ECE6008FFBD1 /* BaseController.swift in Sources */,
				0412EB9629A117D000946EA5 /* RootViewModel.swift in Sources */,
				0412EB9329A10B0A00946EA5 /* RootController.swift in Sources */,
				04EA850429A0EB47008FFBD1 /* UITableViewExtension.swift in Sources */,
				0412EBBD29A16B5400946EA5 /* CityDetailsViewModel.swift in Sources */,
				04EA850629A0EB67008FFBD1 /* NetworkConstants.swift in Sources */,
				0412EBA629A1347D00946EA5 /* CityCell.swift in Sources */,
				0412EB9F29A1235B00946EA5 /* UIColorExtension.swift in Sources */,
				04EA84FA29A0EA5F008FFBD1 /* HomeNavigator.swift in Sources */,
				04EA852529A0F5A3008FFBD1 /* HTTPMethodType.swift in Sources */,
				0412EBAF29A13C9400946EA5 /* SearchCityViewModel.swift in Sources */,
				0412EBBF29A1790400946EA5 /* DateExtension.swift in Sources */,
				04EA850029A0EB15008FFBD1 /* UIViewExtensions.swift in Sources */,
				04EA851229A0EDB8008FFBD1 /* ActivityIndicatorPresenter.swift in Sources */,
				0412EB9D29A1206F00946EA5 /* UIBarButtonItem+Extension.swift in Sources */,
				04EA850E29A0ECDE008FFBD1 /* BaseViewModel.swift in Sources */,
				0412EBB929A16B0600946EA5 /* CityDetailsViewController.swift in Sources */,
				04EA84BC29A0E2FF008FFBD1 /* AppDelegate.swift in Sources */,
				04EA84BE29A0E2FF008FFBD1 /* SceneDelegate.swift in Sources */,
				04EA850229A0EB2D008FFBD1 /* UIApplicationExtension.swift in Sources */,
				0412EBA929A136E800946EA5 /* CityViewModel.swift in Sources */,
				04EA851F29A0F367008FFBD1 /* ResponseModel.swift in Sources */,
				04EA84FC29A0EA7B008FFBD1 /* Navigator.swift in Sources */,
				0412EBA129A130B100946EA5 /* UIViewControllerExtension.swift in Sources */,
				04EA84FE29A0EA92008FFBD1 /* AppCoordinator.swift in Sources */,
			);
			runOnlyForDeploymentPostprocessing = 0;
		};
		04EA84CD29A0E301008FFBD1 /* Sources */ = {
			isa = PBXSourcesBuildPhase;
			buildActionMask = 2147483647;
			files = (
				04EA84D629A0E301008FFBD1 /* WeatherAppTests.swift in Sources */,
			);
			runOnlyForDeploymentPostprocessing = 0;
		};
		04EA84D729A0E301008FFBD1 /* Sources */ = {
			isa = PBXSourcesBuildPhase;
			buildActionMask = 2147483647;
			files = (
				04EA84E029A0E301008FFBD1 /* WeatherAppUITests.swift in Sources */,
				04EA84E229A0E301008FFBD1 /* WeatherAppUITestsLaunchTests.swift in Sources */,
			);
			runOnlyForDeploymentPostprocessing = 0;
		};
/* End PBXSourcesBuildPhase section */

/* Begin PBXTargetDependency section */
		04EA84D329A0E301008FFBD1 /* PBXTargetDependency */ = {
			isa = PBXTargetDependency;
			target = 04EA84B729A0E2FF008FFBD1 /* WeatherApp */;
			targetProxy = 04EA84D229A0E301008FFBD1 /* PBXContainerItemProxy */;
		};
		04EA84DD29A0E301008FFBD1 /* PBXTargetDependency */ = {
			isa = PBXTargetDependency;
			target = 04EA84B729A0E2FF008FFBD1 /* WeatherApp */;
			targetProxy = 04EA84DC29A0E301008FFBD1 /* PBXContainerItemProxy */;
		};
/* End PBXTargetDependency section */

/* Begin PBXVariantGroup section */
		04EA84C929A0E301008FFBD1 /* LaunchScreen.storyboard */ = {
			isa = PBXVariantGroup;
			children = (
				04EA84CA29A0E301008FFBD1 /* Base */,
			);
			name = LaunchScreen.storyboard;
			sourceTree = "<group>";
		};
/* End PBXVariantGroup section */

/* Begin XCBuildConfiguration section */
		04EA84E329A0E301008FFBD1 /* Debug */ = {
			isa = XCBuildConfiguration;
			buildSettings = {
				ALWAYS_SEARCH_USER_PATHS = NO;
				CLANG_ANALYZER_NONNULL = YES;
				CLANG_ANALYZER_NUMBER_OBJECT_CONVERSION = YES_AGGRESSIVE;
				CLANG_CXX_LANGUAGE_STANDARD = "gnu++20";
				CLANG_ENABLE_MODULES = YES;
				CLANG_ENABLE_OBJC_ARC = YES;
				CLANG_ENABLE_OBJC_WEAK = YES;
				CLANG_WARN_BLOCK_CAPTURE_AUTORELEASING = YES;
				CLANG_WARN_BOOL_CONVERSION = YES;
				CLANG_WARN_COMMA = YES;
				CLANG_WARN_CONSTANT_CONVERSION = YES;
				CLANG_WARN_DEPRECATED_OBJC_IMPLEMENTATIONS = YES;
				CLANG_WARN_DIRECT_OBJC_ISA_USAGE = YES_ERROR;
				CLANG_WARN_DOCUMENTATION_COMMENTS = YES;
				CLANG_WARN_EMPTY_BODY = YES;
				CLANG_WARN_ENUM_CONVERSION = YES;
				CLANG_WARN_INFINITE_RECURSION = YES;
				CLANG_WARN_INT_CONVERSION = YES;
				CLANG_WARN_NON_LITERAL_NULL_CONVERSION = YES;
				CLANG_WARN_OBJC_IMPLICIT_RETAIN_SELF = YES;
				CLANG_WARN_OBJC_LITERAL_CONVERSION = YES;
				CLANG_WARN_OBJC_ROOT_CLASS = YES_ERROR;
				CLANG_WARN_QUOTED_INCLUDE_IN_FRAMEWORK_HEADER = YES;
				CLANG_WARN_RANGE_LOOP_ANALYSIS = YES;
				CLANG_WARN_STRICT_PROTOTYPES = YES;
				CLANG_WARN_SUSPICIOUS_MOVE = YES;
				CLANG_WARN_UNGUARDED_AVAILABILITY = YES_AGGRESSIVE;
				CLANG_WARN_UNREACHABLE_CODE = YES;
				CLANG_WARN__DUPLICATE_METHOD_MATCH = YES;
				COPY_PHASE_STRIP = NO;
				DEBUG_INFORMATION_FORMAT = dwarf;
				ENABLE_STRICT_OBJC_MSGSEND = YES;
				ENABLE_TESTABILITY = YES;
				GCC_C_LANGUAGE_STANDARD = gnu11;
				GCC_DYNAMIC_NO_PIC = NO;
				GCC_NO_COMMON_BLOCKS = YES;
				GCC_OPTIMIZATION_LEVEL = 0;
				GCC_PREPROCESSOR_DEFINITIONS = (
					"DEBUG=1",
					"$(inherited)",
				);
				GCC_WARN_64_TO_32_BIT_CONVERSION = YES;
				GCC_WARN_ABOUT_RETURN_TYPE = YES_ERROR;
				GCC_WARN_UNDECLARED_SELECTOR = YES;
				GCC_WARN_UNINITIALIZED_AUTOS = YES_AGGRESSIVE;
				GCC_WARN_UNUSED_FUNCTION = YES;
				GCC_WARN_UNUSED_VARIABLE = YES;
				IPHONEOS_DEPLOYMENT_TARGET = 13.0;
				MTL_ENABLE_DEBUG_INFO = INCLUDE_SOURCE;
				MTL_FAST_MATH = YES;
				ONLY_ACTIVE_ARCH = YES;
				SDKROOT = iphoneos;
				SWIFT_ACTIVE_COMPILATION_CONDITIONS = DEBUG;
				SWIFT_OPTIMIZATION_LEVEL = "-Onone";
			};
			name = Debug;
		};
		04EA84E429A0E301008FFBD1 /* Release */ = {
			isa = XCBuildConfiguration;
			buildSettings = {
				ALWAYS_SEARCH_USER_PATHS = NO;
				CLANG_ANALYZER_NONNULL = YES;
				CLANG_ANALYZER_NUMBER_OBJECT_CONVERSION = YES_AGGRESSIVE;
				CLANG_CXX_LANGUAGE_STANDARD = "gnu++20";
				CLANG_ENABLE_MODULES = YES;
				CLANG_ENABLE_OBJC_ARC = YES;
				CLANG_ENABLE_OBJC_WEAK = YES;
				CLANG_WARN_BLOCK_CAPTURE_AUTORELEASING = YES;
				CLANG_WARN_BOOL_CONVERSION = YES;
				CLANG_WARN_COMMA = YES;
				CLANG_WARN_CONSTANT_CONVERSION = YES;
				CLANG_WARN_DEPRECATED_OBJC_IMPLEMENTATIONS = YES;
				CLANG_WARN_DIRECT_OBJC_ISA_USAGE = YES_ERROR;
				CLANG_WARN_DOCUMENTATION_COMMENTS = YES;
				CLANG_WARN_EMPTY_BODY = YES;
				CLANG_WARN_ENUM_CONVERSION = YES;
				CLANG_WARN_INFINITE_RECURSION = YES;
				CLANG_WARN_INT_CONVERSION = YES;
				CLANG_WARN_NON_LITERAL_NULL_CONVERSION = YES;
				CLANG_WARN_OBJC_IMPLICIT_RETAIN_SELF = YES;
				CLANG_WARN_OBJC_LITERAL_CONVERSION = YES;
				CLANG_WARN_OBJC_ROOT_CLASS = YES_ERROR;
				CLANG_WARN_QUOTED_INCLUDE_IN_FRAMEWORK_HEADER = YES;
				CLANG_WARN_RANGE_LOOP_ANALYSIS = YES;
				CLANG_WARN_STRICT_PROTOTYPES = YES;
				CLANG_WARN_SUSPICIOUS_MOVE = YES;
				CLANG_WARN_UNGUARDED_AVAILABILITY = YES_AGGRESSIVE;
				CLANG_WARN_UNREACHABLE_CODE = YES;
				CLANG_WARN__DUPLICATE_METHOD_MATCH = YES;
				COPY_PHASE_STRIP = NO;
				DEBUG_INFORMATION_FORMAT = "dwarf-with-dsym";
				ENABLE_NS_ASSERTIONS = NO;
				ENABLE_STRICT_OBJC_MSGSEND = YES;
				GCC_C_LANGUAGE_STANDARD = gnu11;
				GCC_NO_COMMON_BLOCKS = YES;
				GCC_WARN_64_TO_32_BIT_CONVERSION = YES;
				GCC_WARN_ABOUT_RETURN_TYPE = YES_ERROR;
				GCC_WARN_UNDECLARED_SELECTOR = YES;
				GCC_WARN_UNINITIALIZED_AUTOS = YES_AGGRESSIVE;
				GCC_WARN_UNUSED_FUNCTION = YES;
				GCC_WARN_UNUSED_VARIABLE = YES;
				IPHONEOS_DEPLOYMENT_TARGET = 13.0;
				MTL_ENABLE_DEBUG_INFO = NO;
				MTL_FAST_MATH = YES;
				SDKROOT = iphoneos;
				SWIFT_COMPILATION_MODE = wholemodule;
				SWIFT_OPTIMIZATION_LEVEL = "-O";
				VALIDATE_PRODUCT = YES;
			};
			name = Release;
		};
		04EA84E629A0E301008FFBD1 /* Debug */ = {
			isa = XCBuildConfiguration;
			baseConfigurationReference = 5AD800CD4C36E078CA358036 /* Pods-WeatherApp.debug.xcconfig */;
			buildSettings = {
				ASSETCATALOG_COMPILER_APPICON_NAME = AppIcon;
				ASSETCATALOG_COMPILER_GLOBAL_ACCENT_COLOR_NAME = AccentColor;
				CODE_SIGN_STYLE = Automatic;
				CURRENT_PROJECT_VERSION = 1;
				DEVELOPMENT_TEAM = U4A23ZSF86;
				GENERATE_INFOPLIST_FILE = YES;
				INFOPLIST_FILE = WeatherApp/Application/SupportedFiles/Info.plist;
				INFOPLIST_KEY_CFBundleDisplayName = "Weather App";
				INFOPLIST_KEY_UIApplicationSupportsIndirectInputEvents = YES;
				INFOPLIST_KEY_UILaunchStoryboardName = LaunchScreen;
				INFOPLIST_KEY_UISupportedInterfaceOrientations = UIInterfaceOrientationPortrait;
				IPHONEOS_DEPLOYMENT_TARGET = 13.0;
				LD_RUNPATH_SEARCH_PATHS = (
					"$(inherited)",
					"@executable_path/Frameworks",
				);
				MARKETING_VERSION = 1.0;
				PRODUCT_BUNDLE_IDENTIFIER = com.company.WeatherApp;
				PRODUCT_NAME = "$(TARGET_NAME)";
				SWIFT_EMIT_LOC_STRINGS = YES;
				SWIFT_VERSION = 5.0;
				TARGETED_DEVICE_FAMILY = "1,2";
			};
			name = Debug;
		};
		04EA84E729A0E301008FFBD1 /* Release */ = {
			isa = XCBuildConfiguration;
			baseConfigurationReference = 26B0792C3DB49521C0D9A94F /* Pods-WeatherApp.release.xcconfig */;
			buildSettings = {
				ASSETCATALOG_COMPILER_APPICON_NAME = AppIcon;
				ASSETCATALOG_COMPILER_GLOBAL_ACCENT_COLOR_NAME = AccentColor;
				CODE_SIGN_STYLE = Automatic;
				CURRENT_PROJECT_VERSION = 1;
				DEVELOPMENT_TEAM = U4A23ZSF86;
				GENERATE_INFOPLIST_FILE = YES;
				INFOPLIST_FILE = WeatherApp/Application/SupportedFiles/Info.plist;
				INFOPLIST_KEY_CFBundleDisplayName = "Weather App";
				INFOPLIST_KEY_UIApplicationSupportsIndirectInputEvents = YES;
				INFOPLIST_KEY_UILaunchStoryboardName = LaunchScreen;
				INFOPLIST_KEY_UISupportedInterfaceOrientations = UIInterfaceOrientationPortrait;
				IPHONEOS_DEPLOYMENT_TARGET = 13.0;
				LD_RUNPATH_SEARCH_PATHS = (
					"$(inherited)",
					"@executable_path/Frameworks",
				);
				MARKETING_VERSION = 1.0;
				PRODUCT_BUNDLE_IDENTIFIER = com.company.WeatherApp;
				PRODUCT_NAME = "$(TARGET_NAME)";
				SWIFT_EMIT_LOC_STRINGS = YES;
				SWIFT_VERSION = 5.0;
				TARGETED_DEVICE_FAMILY = "1,2";
			};
			name = Release;
		};
		04EA84E929A0E301008FFBD1 /* Debug */ = {
			isa = XCBuildConfiguration;
			baseConfigurationReference = C1B2189FEC2AE133FA305F96 /* Pods-WeatherAppTests.debug.xcconfig */;
			buildSettings = {
				ALWAYS_EMBED_SWIFT_STANDARD_LIBRARIES = YES;
				BUNDLE_LOADER = "$(TEST_HOST)";
				CODE_SIGN_STYLE = Automatic;
				CURRENT_PROJECT_VERSION = 1;
				DEVELOPMENT_TEAM = U4A23ZSF86;
				GENERATE_INFOPLIST_FILE = YES;
				IPHONEOS_DEPLOYMENT_TARGET = 16.2;
				MARKETING_VERSION = 1.0;
				PRODUCT_BUNDLE_IDENTIFIER = com.company.WeatherAppTests;
				PRODUCT_NAME = "$(TARGET_NAME)";
				SWIFT_EMIT_LOC_STRINGS = NO;
				SWIFT_VERSION = 5.0;
				TARGETED_DEVICE_FAMILY = "1,2";
				TEST_HOST = "$(BUILT_PRODUCTS_DIR)/WeatherApp.app/$(BUNDLE_EXECUTABLE_FOLDER_PATH)/WeatherApp";
			};
			name = Debug;
		};
		04EA84EA29A0E301008FFBD1 /* Release */ = {
			isa = XCBuildConfiguration;
			baseConfigurationReference = D2A97A3B4FC7D825CCF31A39 /* Pods-WeatherAppTests.release.xcconfig */;
			buildSettings = {
				ALWAYS_EMBED_SWIFT_STANDARD_LIBRARIES = YES;
				BUNDLE_LOADER = "$(TEST_HOST)";
				CODE_SIGN_STYLE = Automatic;
				CURRENT_PROJECT_VERSION = 1;
				DEVELOPMENT_TEAM = U4A23ZSF86;
				GENERATE_INFOPLIST_FILE = YES;
				IPHONEOS_DEPLOYMENT_TARGET = 16.2;
				MARKETING_VERSION = 1.0;
				PRODUCT_BUNDLE_IDENTIFIER = com.company.WeatherAppTests;
				PRODUCT_NAME = "$(TARGET_NAME)";
				SWIFT_EMIT_LOC_STRINGS = NO;
				SWIFT_VERSION = 5.0;
				TARGETED_DEVICE_FAMILY = "1,2";
				TEST_HOST = "$(BUILT_PRODUCTS_DIR)/WeatherApp.app/$(BUNDLE_EXECUTABLE_FOLDER_PATH)/WeatherApp";
			};
			name = Release;
		};
		04EA84EC29A0E301008FFBD1 /* Debug */ = {
			isa = XCBuildConfiguration;
			baseConfigurationReference = 9070B4024413BD3D9CBFC19F /* Pods-WeatherApp-WeatherAppUITests.debug.xcconfig */;
			buildSettings = {
				ALWAYS_EMBED_SWIFT_STANDARD_LIBRARIES = YES;
				CODE_SIGN_STYLE = Automatic;
				CURRENT_PROJECT_VERSION = 1;
				DEVELOPMENT_TEAM = U4A23ZSF86;
				GENERATE_INFOPLIST_FILE = YES;
				MARKETING_VERSION = 1.0;
				PRODUCT_BUNDLE_IDENTIFIER = com.company.WeatherAppUITests;
				PRODUCT_NAME = "$(TARGET_NAME)";
				SWIFT_EMIT_LOC_STRINGS = NO;
				SWIFT_VERSION = 5.0;
				TARGETED_DEVICE_FAMILY = "1,2";
				TEST_TARGET_NAME = WeatherApp;
			};
			name = Debug;
		};
		04EA84ED29A0E301008FFBD1 /* Release */ = {
			isa = XCBuildConfiguration;
			baseConfigurationReference = 17EC4DCE676E1102C01783C2 /* Pods-WeatherApp-WeatherAppUITests.release.xcconfig */;
			buildSettings = {
				ALWAYS_EMBED_SWIFT_STANDARD_LIBRARIES = YES;
				CODE_SIGN_STYLE = Automatic;
				CURRENT_PROJECT_VERSION = 1;
				DEVELOPMENT_TEAM = U4A23ZSF86;
				GENERATE_INFOPLIST_FILE = YES;
				MARKETING_VERSION = 1.0;
				PRODUCT_BUNDLE_IDENTIFIER = com.company.WeatherAppUITests;
				PRODUCT_NAME = "$(TARGET_NAME)";
				SWIFT_EMIT_LOC_STRINGS = NO;
				SWIFT_VERSION = 5.0;
				TARGETED_DEVICE_FAMILY = "1,2";
				TEST_TARGET_NAME = WeatherApp;
			};
			name = Release;
		};
/* End XCBuildConfiguration section */

/* Begin XCConfigurationList section */
		04EA84B329A0E2FF008FFBD1 /* Build configuration list for PBXProject "WeatherApp" */ = {
			isa = XCConfigurationList;
			buildConfigurations = (
				04EA84E329A0E301008FFBD1 /* Debug */,
				04EA84E429A0E301008FFBD1 /* Release */,
			);
			defaultConfigurationIsVisible = 0;
			defaultConfigurationName = Release;
		};
		04EA84E529A0E301008FFBD1 /* Build configuration list for PBXNativeTarget "WeatherApp" */ = {
			isa = XCConfigurationList;
			buildConfigurations = (
				04EA84E629A0E301008FFBD1 /* Debug */,
				04EA84E729A0E301008FFBD1 /* Release */,
			);
			defaultConfigurationIsVisible = 0;
			defaultConfigurationName = Release;
		};
		04EA84E829A0E301008FFBD1 /* Build configuration list for PBXNativeTarget "WeatherAppTests" */ = {
			isa = XCConfigurationList;
			buildConfigurations = (
				04EA84E929A0E301008FFBD1 /* Debug */,
				04EA84EA29A0E301008FFBD1 /* Release */,
			);
			defaultConfigurationIsVisible = 0;
			defaultConfigurationName = Release;
		};
		04EA84EB29A0E301008FFBD1 /* Build configuration list for PBXNativeTarget "WeatherAppUITests" */ = {
			isa = XCConfigurationList;
			buildConfigurations = (
				04EA84EC29A0E301008FFBD1 /* Debug */,
				04EA84ED29A0E301008FFBD1 /* Release */,
			);
			defaultConfigurationIsVisible = 0;
			defaultConfigurationName = Release;
		};
/* End XCConfigurationList section */

/* Begin XCVersionGroup section */
		04EA84C429A0E2FF008FFBD1 /* WeatherApp.xcdatamodeld */ = {
			isa = XCVersionGroup;
			children = (
				04EA84C529A0E2FF008FFBD1 /* WeatherApp.xcdatamodel */,
			);
			currentVersion = 04EA84C529A0E2FF008FFBD1 /* WeatherApp.xcdatamodel */;
			path = WeatherApp.xcdatamodeld;
			sourceTree = "<group>";
			versionGroupType = wrapper.xcdatamodel;
		};
/* End XCVersionGroup section */
	};
	rootObject = 04EA84B029A0E2FF008FFBD1 /* Project object */;
}
